
Microsoft Visual Studio Solution File, Format Version 12.00
# Visual Studio Version 17
VisualStudioVersion = 17.8.34330.188
MinimumVisualStudioVersion = 10.0.40219.1
Project("{FAE04EC0-301F-11D3-BF4B-00C04F79EFBC}") = "GreenFarmWebAPIProject", "GreenFarmWebAPIProject\GreenFarmWebAPIProject.csproj", "{907B0F73-EDC5-49B3-914C-4D9941CD5F58}"
EndProject
Global
	GlobalSection(SolutionConfigurationPlatforms) = preSolution
		Debug|Any CPU = Debug|Any CPU
		Release|Any CPU = Release|Any CPU
	EndGlobalSection
	GlobalSection(ProjectConfigurationPlatforms) = postSolution
		{907B0F73-EDC5-49B3-914C-4D9941CD5F58}.Debug|Any CPU.ActiveCfg = Debug|Any CPU
		{907B0F73-EDC5-49B3-914C-4D9941CD5F58}.Debug|Any CPU.Build.0 = Debug|Any CPU
		{907B0F73-EDC5-49B3-914C-4D9941CD5F58}.Release|Any CPU.ActiveCfg = Release|Any CPU
		{907B0F73-EDC5-49B3-914C-4D9941CD5F58}.Release|Any CPU.Build.0 = Release|Any CPU
	EndGlobalSection
	GlobalSection(SolutionProperties) = preSolution
		HideSolutionNode = FALSE
	EndGlobalSection
	GlobalSection(ExtensibilityGlobals) = postSolution
		SolutionGuid = {751D4309-334D-4BB1-9B4D-FC81BE9E1B80}
	EndGlobalSection
EndGlobal
